
Microsoft Visual Studio Solution File, Format Version 12.00
# Visual Studio Version 16
VisualStudioVersion = 16.0.29905.134
MinimumVisualStudioVersion = 10.0.40219.1
Project("{9A19103F-16F7-4668-BE54-9A1E7A4F7556}") = "SIS Upload", "SIS Upload\SIS Upload.csproj", "{C95071C0-534A-4AAB-9F09-5F3B921425ED}"
EndProject
Global
	GlobalSection(SolutionConfigurationPlatforms) = preSolution
		Debug|Any CPU = Debug|Any CPU
		Release|Any CPU = Release|Any CPU
	EndGlobalSection
	GlobalSection(ProjectConfigurationPlatforms) = postSolution
		{C95071C0-534A-4AAB-9F09-5F3B921425ED}.Debug|Any CPU.ActiveCfg = Debug|Any CPU
		{C95071C0-534A-4AAB-9F09-5F3B921425ED}.Debug|Any CPU.Build.0 = Debug|Any CPU
		{C95071C0-534A-4AAB-9F09-5F3B921425ED}.Release|Any CPU.ActiveCfg = Release|Any CPU
		{C95071C0-534A-4AAB-9F09-5F3B921425ED}.Release|Any CPU.Build.0 = Release|Any CPU
	EndGlobalSection
	GlobalSection(SolutionProperties) = preSolution
		HideSolutionNode = FALSE
	EndGlobalSection
	GlobalSection(ExtensibilityGlobals) = postSolution
		SolutionGuid = {C0A8E961-6E19-4848-9680-4F5AB1656386}
	EndGlobalSection
EndGlobal
